{
  "name": "matt-mensuration",
  "version": "1.0.0",
  "lockfileVersion": 3,
  "requires": true,
  "packages": {
    "": {
      "name": "matt-mensuration",
      "version": "1.0.0",
      "license": "ISC",
      "dependencies": {
        "matt-mensuration": "^1.0.0"
      }
    },
    "node_modules/matt-mensuration": {
      "version": "1.0.0",
      "resolved": "https://registry.npmjs.org/matt-mensuration/-/matt-mensuration-1.0.0.tgz",
      "integrity": "sha512-hv0FDcREW7Elft4qr7H1wkwFaI0YVoQpbmYi6chR7n5o4nHdBmvBiYZgO5X69zxxlgNARtqRJqVgxjtFTGUxww==",
      "license": "ISC"
    }
  }
}
